// !$*UTF8*$!
{
	archiveVersion = 1;
	classes = {
	};
	objectVersion = 50;
	objects = {

/* Begin PBXBuildFile section */
		B319B721268DEAD4004DA65B /* HeaderSectionView.swift in Sources */ = {isa = PBXBuildFile; fileRef = B319B720268DEAD4004DA65B /* HeaderSectionView.swift */; };
		B319B72A2690676D004DA65B /* UserService.swift in Sources */ = {isa = PBXBuildFile; fileRef = B319B7292690676D004DA65B /* UserService.swift */; };
		B319B72F26909839004DA65B /* ResponseMessageView.swift in Sources */ = {isa = PBXBuildFile; fileRef = B319B72E26909839004DA65B /* ResponseMessageView.swift */; };
		B32796B3268BB56E007C2BE0 /* ErrorMessageView.swift in Sources */ = {isa = PBXBuildFile; fileRef = B32796B2268BB56D007C2BE0 /* ErrorMessageView.swift */; };
		B32796B6268BBF4C007C2BE0 /* ValidatorField.swift in Sources */ = {isa = PBXBuildFile; fileRef = B32796B5268BBF4C007C2BE0 /* ValidatorField.swift */; };
		B32A71C62688D6310099A4E3 /* DiagnosticsView.swift in Sources */ = {isa = PBXBuildFile; fileRef = B32A71C52688D6310099A4E3 /* DiagnosticsView.swift */; };
		B32A71C92688D7CE0099A4E3 /* HomeView.swift in Sources */ = {isa = PBXBuildFile; fileRef = B32A71C82688D7CE0099A4E3 /* HomeView.swift */; };
		B32A71CC2688DD6C0099A4E3 /* AppointmentView.swift in Sources */ = {isa = PBXBuildFile; fileRef = B32A71CB2688DD6C0099A4E3 /* AppointmentView.swift */; };
		B32A71CF2688E0230099A4E3 /* LoginView.swift in Sources */ = {isa = PBXBuildFile; fileRef = B32A71CE2688E0230099A4E3 /* LoginView.swift */; };
		B32A71D8268917BE0099A4E3 /* RegisterView.swift in Sources */ = {isa = PBXBuildFile; fileRef = B32A71D7268917BE0099A4E3 /* RegisterView.swift */; };
		B365FE75269358B20063048E /* AppointmentService.swift in Sources */ = {isa = PBXBuildFile; fileRef = B365FE74269358B20063048E /* AppointmentService.swift */; };
		B3B889AD26A884E000F10E2B /* ModalView.swift in Sources */ = {isa = PBXBuildFile; fileRef = B3B889AC26A884E000F10E2B /* ModalView.swift */; };
		EC1EAF8526739AF4006C0ED8 /* Whats_up_docApp.swift in Sources */ = {isa = PBXBuildFile; fileRef = EC1EAF8426739AF4006C0ED8 /* Whats_up_docApp.swift */; };
		EC1EAF8926739AF6006C0ED8 /* Assets.xcassets in Resources */ = {isa = PBXBuildFile; fileRef = EC1EAF8826739AF6006C0ED8 /* Assets.xcassets */; };
		EC1EAF8C26739AF6006C0ED8 /* Preview Assets.xcassets in Resources */ = {isa = PBXBuildFile; fileRef = EC1EAF8B26739AF6006C0ED8 /* Preview Assets.xcassets */; };
		ECD131C72694A87A00739A3A /* DesignComponent.swift in Sources */ = {isa = PBXBuildFile; fileRef = ECD131C62694A87A00739A3A /* DesignComponent.swift */; };
		ECD131CA2694AFCC00739A3A /* HeaderComponent.swift in Sources */ = {isa = PBXBuildFile; fileRef = ECD131C92694AFCC00739A3A /* HeaderComponent.swift */; };
		ECD131CC2694B00B00739A3A /* ToggleComponent.swift in Sources */ = {isa = PBXBuildFile; fileRef = ECD131CB2694B00B00739A3A /* ToggleComponent.swift */; };
/* End PBXBuildFile section */

/* Begin PBXFileReference section */
		B319B720268DEAD4004DA65B /* HeaderSectionView.swift */ = {isa = PBXFileReference; lastKnownFileType = sourcecode.swift; path = HeaderSectionView.swift; sourceTree = "<group>"; };
		B319B7292690676D004DA65B /* UserService.swift */ = {isa = PBXFileReference; lastKnownFileType = sourcecode.swift; path = UserService.swift; sourceTree = "<group>"; };
		B319B72E26909839004DA65B /* ResponseMessageView.swift */ = {isa = PBXFileReference; lastKnownFileType = sourcecode.swift; path = ResponseMessageView.swift; sourceTree = "<group>"; };
		B32796B2268BB56D007C2BE0 /* ErrorMessageView.swift */ = {isa = PBXFileReference; lastKnownFileType = sourcecode.swift; path = ErrorMessageView.swift; sourceTree = "<group>"; };
		B32796B5268BBF4C007C2BE0 /* ValidatorField.swift */ = {isa = PBXFileReference; lastKnownFileType = sourcecode.swift; path = ValidatorField.swift; sourceTree = "<group>"; };
		B32A71C52688D6310099A4E3 /* DiagnosticsView.swift */ = {isa = PBXFileReference; lastKnownFileType = sourcecode.swift; path = DiagnosticsView.swift; sourceTree = "<group>"; };
		B32A71C82688D7CE0099A4E3 /* HomeView.swift */ = {isa = PBXFileReference; lastKnownFileType = sourcecode.swift; path = HomeView.swift; sourceTree = "<group>"; };
		B32A71CB2688DD6C0099A4E3 /* AppointmentView.swift */ = {isa = PBXFileReference; lastKnownFileType = sourcecode.swift; path = AppointmentView.swift; sourceTree = "<group>"; };
		B32A71CE2688E0230099A4E3 /* LoginView.swift */ = {isa = PBXFileReference; lastKnownFileType = sourcecode.swift; path = LoginView.swift; sourceTree = "<group>"; };
		B32A71D7268917BE0099A4E3 /* RegisterView.swift */ = {isa = PBXFileReference; lastKnownFileType = sourcecode.swift; path = RegisterView.swift; sourceTree = "<group>"; };
		B365FE74269358B20063048E /* AppointmentService.swift */ = {isa = PBXFileReference; lastKnownFileType = sourcecode.swift; path = AppointmentService.swift; sourceTree = "<group>"; };
		B3B889AC26A884E000F10E2B /* ModalView.swift */ = {isa = PBXFileReference; lastKnownFileType = sourcecode.swift; path = ModalView.swift; sourceTree = "<group>"; };
		EC1EAF8126739AF4006C0ED8 /* Whats-up-doc.app */ = {isa = PBXFileReference; explicitFileType = wrapper.application; includeInIndex = 0; path = "Whats-up-doc.app"; sourceTree = BUILT_PRODUCTS_DIR; };
		EC1EAF8426739AF4006C0ED8 /* Whats_up_docApp.swift */ = {isa = PBXFileReference; lastKnownFileType = sourcecode.swift; path = Whats_up_docApp.swift; sourceTree = "<group>"; };
		EC1EAF8826739AF6006C0ED8 /* Assets.xcassets */ = {isa = PBXFileReference; lastKnownFileType = folder.assetcatalog; path = Assets.xcassets; sourceTree = "<group>"; };
		EC1EAF8B26739AF6006C0ED8 /* Preview Assets.xcassets */ = {isa = PBXFileReference; lastKnownFileType = folder.assetcatalog; path = "Preview Assets.xcassets"; sourceTree = "<group>"; };
		EC1EAF8D26739AF6006C0ED8 /* Info.plist */ = {isa = PBXFileReference; lastKnownFileType = text.plist.xml; path = Info.plist; sourceTree = "<group>"; };
		ECD131C62694A87A00739A3A /* DesignComponent.swift */ = {isa = PBXFileReference; lastKnownFileType = sourcecode.swift; path = DesignComponent.swift; sourceTree = "<group>"; };
		ECD131C92694AFCC00739A3A /* HeaderComponent.swift */ = {isa = PBXFileReference; lastKnownFileType = sourcecode.swift; path = HeaderComponent.swift; sourceTree = "<group>"; };
		ECD131CB2694B00B00739A3A /* ToggleComponent.swift */ = {isa = PBXFileReference; lastKnownFileType = sourcecode.swift; path = ToggleComponent.swift; sourceTree = "<group>"; };
/* End PBXFileReference section */

/* Begin PBXFrameworksBuildPhase section */
		EC1EAF7E26739AF4006C0ED8 /* Frameworks */ = {
			isa = PBXFrameworksBuildPhase;
			buildActionMask = 2147483647;
			files = (
			);
			runOnlyForDeploymentPostprocessing = 0;
		};
/* End PBXFrameworksBuildPhase section */

/* Begin PBXGroup section */
		B32796B8268BC03C007C2BE0 /* Views */ = {
			isa = PBXGroup;
			children = (
				B32796BC268BC128007C2BE0 /* NotConnected */,
				B32796BB268BC111007C2BE0 /* Shared */,
				B32796BA268BC0E2007C2BE0 /* Connected */,
			);
			path = Views;
			sourceTree = "<group>";
		};
		B32796B9268BC093007C2BE0 /* Utils */ = {
			isa = PBXGroup;
			children = (
				B32796B5268BBF4C007C2BE0 /* ValidatorField.swift */,
			);
			path = Utils;
			sourceTree = "<group>";
		};
		B32796BA268BC0E2007C2BE0 /* Connected */ = {
			isa = PBXGroup;
			children = (
				B32A71C82688D7CE0099A4E3 /* HomeView.swift */,
				B32A71C52688D6310099A4E3 /* DiagnosticsView.swift */,
				B32A71CB2688DD6C0099A4E3 /* AppointmentView.swift */,
				B3B889AC26A884E000F10E2B /* ModalView.swift */,
			);
			path = Connected;
			sourceTree = "<group>";
		};
		B32796BB268BC111007C2BE0 /* Shared */ = {
			isa = PBXGroup;
			children = (
				ECD131C82694AFB100739A3A /* Components */,
				ECD131C32694A78700739A3A /* Design */,
				B32796B2268BB56D007C2BE0 /* ErrorMessageView.swift */,
				B319B720268DEAD4004DA65B /* HeaderSectionView.swift */,
				B319B72E26909839004DA65B /* ResponseMessageView.swift */,
			);
			path = Shared;
			sourceTree = "<group>";
		};
		B32796BC268BC128007C2BE0 /* NotConnected */ = {
			isa = PBXGroup;
			children = (
				B32A71CE2688E0230099A4E3 /* LoginView.swift */,
				B32A71D7268917BE0099A4E3 /* RegisterView.swift */,
			);
			path = NotConnected;
			sourceTree = "<group>";
		};
		B34D3CAE2691E15F00B6B35C /* Services */ = {
			isa = PBXGroup;
			children = (
				B319B7292690676D004DA65B /* UserService.swift */,
				B365FE74269358B20063048E /* AppointmentService.swift */,
			);
			path = Services;
			sourceTree = "<group>";
		};
		EC1EAF7826739AF4006C0ED8 = {
			isa = PBXGroup;
			children = (
				EC1EAF8326739AF4006C0ED8 /* Whats-up-doc */,
				EC1EAF8226739AF4006C0ED8 /* Products */,
			);
			sourceTree = "<group>";
		};
		EC1EAF8226739AF4006C0ED8 /* Products */ = {
			isa = PBXGroup;
			children = (
				EC1EAF8126739AF4006C0ED8 /* Whats-up-doc.app */,
			);
			name = Products;
			sourceTree = "<group>";
		};
		EC1EAF8326739AF4006C0ED8 /* Whats-up-doc */ = {
			isa = PBXGroup;
			children = (
				B32796B8268BC03C007C2BE0 /* Views */,
				EC1EAF8426739AF4006C0ED8 /* Whats_up_docApp.swift */,
				B34D3CAE2691E15F00B6B35C /* Services */,
				B32796B9268BC093007C2BE0 /* Utils */,
				EC1EAF8826739AF6006C0ED8 /* Assets.xcassets */,
				EC1EAF8D26739AF6006C0ED8 /* Info.plist */,
				EC1EAF8A26739AF6006C0ED8 /* Preview Content */,
			);
			path = "Whats-up-doc";
			sourceTree = "<group>";
		};
		EC1EAF8A26739AF6006C0ED8 /* Preview Content */ = {
			isa = PBXGroup;
			children = (
				EC1EAF8B26739AF6006C0ED8 /* Preview Assets.xcassets */,
			);
			path = "Preview Content";
			sourceTree = "<group>";
		};
		ECD131C32694A78700739A3A /* Design */ = {
			isa = PBXGroup;
			children = (
				ECD131C62694A87A00739A3A /* DesignComponent.swift */,
			);
			path = Design;
			sourceTree = "<group>";
		};
		ECD131C82694AFB100739A3A /* Components */ = {
			isa = PBXGroup;
			children = (
				ECD131C92694AFCC00739A3A /* HeaderComponent.swift */,
				ECD131CB2694B00B00739A3A /* ToggleComponent.swift */,
			);
			path = Components;
			sourceTree = "<group>";
		};
/* End PBXGroup section */

/* Begin PBXNativeTarget section */
		EC1EAF8026739AF4006C0ED8 /* Whats-up-doc */ = {
			isa = PBXNativeTarget;
			buildConfigurationList = EC1EAF9026739AF6006C0ED8 /* Build configuration list for PBXNativeTarget "Whats-up-doc" */;
			buildPhases = (
				EC1EAF7D26739AF4006C0ED8 /* Sources */,
				EC1EAF7E26739AF4006C0ED8 /* Frameworks */,
				EC1EAF7F26739AF4006C0ED8 /* Resources */,
			);
			buildRules = (
			);
			dependencies = (
			);
			name = "Whats-up-doc";
			productName = "Whats-up-doc";
			productReference = EC1EAF8126739AF4006C0ED8 /* Whats-up-doc.app */;
			productType = "com.apple.product-type.application";
		};
/* End PBXNativeTarget section */

/* Begin PBXProject section */
		EC1EAF7926739AF4006C0ED8 /* Project object */ = {
			isa = PBXProject;
			attributes = {
				LastSwiftUpdateCheck = 1250;
				LastUpgradeCheck = 1250;
				TargetAttributes = {
					EC1EAF8026739AF4006C0ED8 = {
						CreatedOnToolsVersion = 12.5;
					};
				};
			};
			buildConfigurationList = EC1EAF7C26739AF4006C0ED8 /* Build configuration list for PBXProject "Whats-up-doc" */;
			compatibilityVersion = "Xcode 9.3";
			developmentRegion = en;
			hasScannedForEncodings = 0;
			knownRegions = (
				en,
				Base,
			);
			mainGroup = EC1EAF7826739AF4006C0ED8;
			productRefGroup = EC1EAF8226739AF4006C0ED8 /* Products */;
			projectDirPath = "";
			projectRoot = "";
			targets = (
				EC1EAF8026739AF4006C0ED8 /* Whats-up-doc */,
			);
		};
/* End PBXProject section */

/* Begin PBXResourcesBuildPhase section */
		EC1EAF7F26739AF4006C0ED8 /* Resources */ = {
			isa = PBXResourcesBuildPhase;
			buildActionMask = 2147483647;
			files = (
				EC1EAF8C26739AF6006C0ED8 /* Preview Assets.xcassets in Resources */,
				EC1EAF8926739AF6006C0ED8 /* Assets.xcassets in Resources */,
			);
			runOnlyForDeploymentPostprocessing = 0;
		};
/* End PBXResourcesBuildPhase section */

/* Begin PBXSourcesBuildPhase section */
		EC1EAF7D26739AF4006C0ED8 /* Sources */ = {
			isa = PBXSourcesBuildPhase;
			buildActionMask = 2147483647;
			files = (
				B319B72F26909839004DA65B /* ResponseMessageView.swift in Sources */,
				ECD131C72694A87A00739A3A /* DesignComponent.swift in Sources */,
				B32A71CF2688E0230099A4E3 /* LoginView.swift in Sources */,
				B319B72A2690676D004DA65B /* UserService.swift in Sources */,
				ECD131CA2694AFCC00739A3A /* HeaderComponent.swift in Sources */,
				B32796B6268BBF4C007C2BE0 /* ValidatorField.swift in Sources */,
				B32A71CC2688DD6C0099A4E3 /* AppointmentView.swift in Sources */,
				ECD131CC2694B00B00739A3A /* ToggleComponent.swift in Sources */,
				B32796B3268BB56E007C2BE0 /* ErrorMessageView.swift in Sources */,
				B32A71C92688D7CE0099A4E3 /* HomeView.swift in Sources */,
				B3B889AD26A884E000F10E2B /* ModalView.swift in Sources */,
				B319B721268DEAD4004DA65B /* HeaderSectionView.swift in Sources */,
				B32A71C62688D6310099A4E3 /* DiagnosticsView.swift in Sources */,
				B32A71D8268917BE0099A4E3 /* RegisterView.swift in Sources */,
				EC1EAF8526739AF4006C0ED8 /* Whats_up_docApp.swift in Sources */,
			);
			runOnlyForDeploymentPostprocessing = 0;
		};
/* End PBXSourcesBuildPhase section */

/* Begin XCBuildConfiguration section */
		EC1EAF8E26739AF6006C0ED8 /* Debug */ = {
			isa = XCBuildConfiguration;
			buildSettings = {
				ALWAYS_SEARCH_USER_PATHS = NO;
				CLANG_ANALYZER_NONNULL = YES;
				CLANG_ANALYZER_NUMBER_OBJECT_CONVERSION = YES_AGGRESSIVE;
				CLANG_CXX_LANGUAGE_STANDARD = "gnu++14";
				CLANG_CXX_LIBRARY = "libc++";
				CLANG_ENABLE_MODULES = YES;
				CLANG_ENABLE_OBJC_ARC = YES;
				CLANG_ENABLE_OBJC_WEAK = YES;
				CLANG_WARN_BLOCK_CAPTURE_AUTORELEASING = YES;
				CLANG_WARN_BOOL_CONVERSION = YES;
				CLANG_WARN_COMMA = YES;
				CLANG_WARN_CONSTANT_CONVERSION = YES;
				CLANG_WARN_DEPRECATED_OBJC_IMPLEMENTATIONS = YES;
				CLANG_WARN_DIRECT_OBJC_ISA_USAGE = YES_ERROR;
				CLANG_WARN_DOCUMENTATION_COMMENTS = YES;
				CLANG_WARN_EMPTY_BODY = YES;
				CLANG_WARN_ENUM_CONVERSION = YES;
				CLANG_WARN_INFINITE_RECURSION = YES;
				CLANG_WARN_INT_CONVERSION = YES;
				CLANG_WARN_NON_LITERAL_NULL_CONVERSION = YES;
				CLANG_WARN_OBJC_IMPLICIT_RETAIN_SELF = YES;
				CLANG_WARN_OBJC_LITERAL_CONVERSION = YES;
				CLANG_WARN_OBJC_ROOT_CLASS = YES_ERROR;
				CLANG_WARN_QUOTED_INCLUDE_IN_FRAMEWORK_HEADER = YES;
				CLANG_WARN_RANGE_LOOP_ANALYSIS = YES;
				CLANG_WARN_STRICT_PROTOTYPES = YES;
				CLANG_WARN_SUSPICIOUS_MOVE = YES;
				CLANG_WARN_UNGUARDED_AVAILABILITY = YES_AGGRESSIVE;
				CLANG_WARN_UNREACHABLE_CODE = YES;
				CLANG_WARN__DUPLICATE_METHOD_MATCH = YES;
				COPY_PHASE_STRIP = NO;
				DEBUG_INFORMATION_FORMAT = dwarf;
				ENABLE_STRICT_OBJC_MSGSEND = YES;
				ENABLE_TESTABILITY = YES;
				GCC_C_LANGUAGE_STANDARD = gnu11;
				GCC_DYNAMIC_NO_PIC = NO;
				GCC_NO_COMMON_BLOCKS = YES;
				GCC_OPTIMIZATION_LEVEL = 0;
				GCC_PREPROCESSOR_DEFINITIONS = (
					"DEBUG=1",
					"$(inherited)",
				);
				GCC_WARN_64_TO_32_BIT_CONVERSION = YES;
				GCC_WARN_ABOUT_RETURN_TYPE = YES_ERROR;
				GCC_WARN_UNDECLARED_SELECTOR = YES;
				GCC_WARN_UNINITIALIZED_AUTOS = YES_AGGRESSIVE;
				GCC_WARN_UNUSED_FUNCTION = YES;
				GCC_WARN_UNUSED_VARIABLE = YES;
				IPHONEOS_DEPLOYMENT_TARGET = 14.5;
				MTL_ENABLE_DEBUG_INFO = INCLUDE_SOURCE;
				MTL_FAST_MATH = YES;
				ONLY_ACTIVE_ARCH = YES;
				SDKROOT = iphoneos;
				SWIFT_ACTIVE_COMPILATION_CONDITIONS = DEBUG;
				SWIFT_OPTIMIZATION_LEVEL = "-Onone";
			};
			name = Debug;
		};
		EC1EAF8F26739AF6006C0ED8 /* Release */ = {
			isa = XCBuildConfiguration;
			buildSettings = {
				ALWAYS_SEARCH_USER_PATHS = NO;
				CLANG_ANALYZER_NONNULL = YES;
				CLANG_ANALYZER_NUMBER_OBJECT_CONVERSION = YES_AGGRESSIVE;
				CLANG_CXX_LANGUAGE_STANDARD = "gnu++14";
				CLANG_CXX_LIBRARY = "libc++";
				CLANG_ENABLE_MODULES = YES;
				CLANG_ENABLE_OBJC_ARC = YES;
				CLANG_ENABLE_OBJC_WEAK = YES;
				CLANG_WARN_BLOCK_CAPTURE_AUTORELEASING = YES;
				CLANG_WARN_BOOL_CONVERSION = YES;
				CLANG_WARN_COMMA = YES;
				CLANG_WARN_CONSTANT_CONVERSION = YES;
				CLANG_WARN_DEPRECATED_OBJC_IMPLEMENTATIONS = YES;
				CLANG_WARN_DIRECT_OBJC_ISA_USAGE = YES_ERROR;
				CLANG_WARN_DOCUMENTATION_COMMENTS = YES;
				CLANG_WARN_EMPTY_BODY = YES;
				CLANG_WARN_ENUM_CONVERSION = YES;
				CLANG_WARN_INFINITE_RECURSION = YES;
				CLANG_WARN_INT_CONVERSION = YES;
				CLANG_WARN_NON_LITERAL_NULL_CONVERSION = YES;
				CLANG_WARN_OBJC_IMPLICIT_RETAIN_SELF = YES;
				CLANG_WARN_OBJC_LITERAL_CONVERSION = YES;
				CLANG_WARN_OBJC_ROOT_CLASS = YES_ERROR;
				CLANG_WARN_QUOTED_INCLUDE_IN_FRAMEWORK_HEADER = YES;
				CLANG_WARN_RANGE_LOOP_ANALYSIS = YES;
				CLANG_WARN_STRICT_PROTOTYPES = YES;
				CLANG_WARN_SUSPICIOUS_MOVE = YES;
				CLANG_WARN_UNGUARDED_AVAILABILITY = YES_AGGRESSIVE;
				CLANG_WARN_UNREACHABLE_CODE = YES;
				CLANG_WARN__DUPLICATE_METHOD_MATCH = YES;
				COPY_PHASE_STRIP = NO;
				DEBUG_INFORMATION_FORMAT = "dwarf-with-dsym";
				ENABLE_NS_ASSERTIONS = NO;
				ENABLE_STRICT_OBJC_MSGSEND = YES;
				GCC_C_LANGUAGE_STANDARD = gnu11;
				GCC_NO_COMMON_BLOCKS = YES;
				GCC_WARN_64_TO_32_BIT_CONVERSION = YES;
				GCC_WARN_ABOUT_RETURN_TYPE = YES_ERROR;
				GCC_WARN_UNDECLARED_SELECTOR = YES;
				GCC_WARN_UNINITIALIZED_AUTOS = YES_AGGRESSIVE;
				GCC_WARN_UNUSED_FUNCTION = YES;
				GCC_WARN_UNUSED_VARIABLE = YES;
				IPHONEOS_DEPLOYMENT_TARGET = 14.5;
				MTL_ENABLE_DEBUG_INFO = NO;
				MTL_FAST_MATH = YES;
				SDKROOT = iphoneos;
				SWIFT_COMPILATION_MODE = wholemodule;
				SWIFT_OPTIMIZATION_LEVEL = "-O";
				VALIDATE_PRODUCT = YES;
			};
			name = Release;
		};
		EC1EAF9126739AF6006C0ED8 /* Debug */ = {
			isa = XCBuildConfiguration;
			buildSettings = {
				ASSETCATALOG_COMPILER_APPICON_NAME = AppIcon;
				ASSETCATALOG_COMPILER_GLOBAL_ACCENT_COLOR_NAME = AccentColor;
				CODE_SIGN_STYLE = Automatic;
				DEVELOPMENT_ASSET_PATHS = "\"Whats-up-doc/Preview Content\"";
				ENABLE_PREVIEWS = YES;
				INFOPLIST_FILE = "Whats-up-doc/Info.plist";
				IPHONEOS_DEPLOYMENT_TARGET = 14.0;
				LD_RUNPATH_SEARCH_PATHS = (
					"$(inherited)",
					"@executable_path/Frameworks",
				);
				PRODUCT_BUNDLE_IDENTIFIER = "fr.esgi.Whats-up-doc";
				PRODUCT_NAME = "$(TARGET_NAME)";
				SWIFT_VERSION = 5.0;
				TARGETED_DEVICE_FAMILY = "1,2";
			};
			name = Debug;
		};
		EC1EAF9226739AF6006C0ED8 /* Release */ = {
			isa = XCBuildConfiguration;
			buildSettings = {
				ASSETCATALOG_COMPILER_APPICON_NAME = AppIcon;
				ASSETCATALOG_COMPILER_GLOBAL_ACCENT_COLOR_NAME = AccentColor;
				CODE_SIGN_STYLE = Automatic;
				DEVELOPMENT_ASSET_PATHS = "\"Whats-up-doc/Preview Content\"";
				ENABLE_PREVIEWS = YES;
				INFOPLIST_FILE = "Whats-up-doc/Info.plist";
				IPHONEOS_DEPLOYMENT_TARGET = 14.0;
				LD_RUNPATH_SEARCH_PATHS = (
					"$(inherited)",
					"@executable_path/Frameworks",
				);
				PRODUCT_BUNDLE_IDENTIFIER = "fr.esgi.Whats-up-doc";
				PRODUCT_NAME = "$(TARGET_NAME)";
				SWIFT_VERSION = 5.0;
				TARGETED_DEVICE_FAMILY = "1,2";
			};
			name = Release;
		};
/* End XCBuildConfiguration section */

/* Begin XCConfigurationList section */
		EC1EAF7C26739AF4006C0ED8 /* Build configuration list for PBXProject "Whats-up-doc" */ = {
			isa = XCConfigurationList;
			buildConfigurations = (
				EC1EAF8E26739AF6006C0ED8 /* Debug */,
				EC1EAF8F26739AF6006C0ED8 /* Release */,
			);
			defaultConfigurationIsVisible = 0;
			defaultConfigurationName = Release;
		};
		EC1EAF9026739AF6006C0ED8 /* Build configuration list for PBXNativeTarget "Whats-up-doc" */ = {
			isa = XCConfigurationList;
			buildConfigurations = (
				EC1EAF9126739AF6006C0ED8 /* Debug */,
				EC1EAF9226739AF6006C0ED8 /* Release */,
			);
			defaultConfigurationIsVisible = 0;
			defaultConfigurationName = Release;
		};
/* End XCConfigurationList section */
	};
	rootObject = EC1EAF7926739AF4006C0ED8 /* Project object */;
}
